{
  "name": "testmodules",
  "version": "1.0.0",
  "lockfileVersion": 1,
  "requires": true,
  "dependencies": {
    "fs": {
      "version": "0.0.1-security",
      "resolved": "https://registry.npmjs.org/fs/-/fs-0.0.1-security.tgz",
      "integrity": "sha1-invTcYa23d84E/I4WLV+yq9eQdQ="
    },
    "mbnumber": {
      "version": "0.1.0",
      "resolved": "https://registry.npmjs.org/mbnumber/-/mbnumber-0.1.0.tgz",
      "integrity": "sha512-vhl/Z6dTeTAoB11I0dxPRsl1l4+dHmFxe1zKT/1JYBfHkXgtZyxQ85+ohDa2OrVqPNSJ+0yIAyz2lIEDo7bmnA=="
    },
    "testyfile": {
      "version": "1.0.0",
      "resolved": "https://registry.npmjs.org/testyfile/-/testyfile-1.0.0.tgz",
      "integrity": "sha512-t8QeYW/zG+IKFqKW7b2MFkHOhql7rBmZHBP8IVSvSzCY4YaktRuOskkKCjq+cx1RLo9jvnvH3Y6sL0Rg0M5DvQ==",
      "requires": {
        "fs": "0.0.1-security"
      }
    }
  }
}
